
Microsoft Visual Studio Solution File, Format Version 11.00
# Visual Studio 2010
Project("{FAE04EC0-301F-11D3-BF4B-00C04F79EFBC}") = "BookShelfWeb", "BookShelfWebApplication\BookShelfWeb.csproj", "{438A2111-E5CF-47D1-89CB-87D5B2FD268D}"
EndProject
Project("{FAE04EC0-301F-11D3-BF4B-00C04F79EFBC}") = "BookShelfWeb.BLL", "BookShelf.BusinessLogic\BookShelfWeb.BLL.csproj", "{31E80314-A184-4093-8C70-E98B0F14CC71}"
EndProject
Project("{2150E333-8FDC-42A3-9474-1A3956D46DE8}") = "BusinessLogic", "BusinessLogic", "{D86DB447-BEAD-4C29-B6E8-2AAFC6E6F150}"
EndProject
Project("{FAE04EC0-301F-11D3-BF4B-00C04F79EFBC}") = "BookShelfWeb.IBLL", "BookShelf.IBLL\BookShelfWeb.IBLL.csproj", "{5A78DE1A-5D28-4DEA-AE74-A8612DA33AF0}"
EndProject
Project("{2150E333-8FDC-42A3-9474-1A3956D46DE8}") = "ConstantsAndDefs", "ConstantsAndDefs", "{0297B055-0FE0-4E58-8EA3-E16A265B74BE}"
EndProject
Project("{FAE04EC0-301F-11D3-BF4B-00C04F79EFBC}") = "BookShelfWeb.Definitions", "BookShelf.Definitions\BookShelfWeb.Definitions.csproj", "{453A0F57-2F14-4AFB-B84E-81439C3DF6D9}"
EndProject
Project("{2150E333-8FDC-42A3-9474-1A3956D46DE8}") = "DataAccess", "DataAccess", "{D6CF4CBA-0F42-4E28-8E32-6C9BBEE310A6}"
EndProject
Project("{2150E333-8FDC-42A3-9474-1A3956D46DE8}") = "Entity", "Entity", "{790D8B4C-C7F5-4144-B513-C0CDF237B2AA}"
EndProject
Project("{FAE04EC0-301F-11D3-BF4B-00C04F79EFBC}") = "BookShelfWeb.DAL", "BookShelfWeb.DAL\BookShelfWeb.DAL.csproj", "{06DF8EA0-F578-44A6-9BC6-B11AB685B47E}"
EndProject
Project("{FAE04EC0-301F-11D3-BF4B-00C04F79EFBC}") = "BookShelfWeb.DataAccessHelper", "BookShelfWeb.DataAccessHelper\BookShelfWeb.DataAccessHelper.csproj", "{F7E59AA8-6ACF-4CF4-962E-DBEEBD3AC5A3}"
EndProject
Project("{FAE04EC0-301F-11D3-BF4B-00C04F79EFBC}") = "BookShelfWeb.IDAL", "BookShelfWeb.IDAL\BookShelfWeb.IDAL.csproj", "{EF9644E6-D5A0-4D37-8FE5-2466D8D01545}"
EndProject
Project("{2150E333-8FDC-42A3-9474-1A3956D46DE8}") = "Factory", "Factory", "{747ACB29-B23E-46D2-A2A3-C47233DFEA95}"
EndProject
Project("{FAE04EC0-301F-11D3-BF4B-00C04F79EFBC}") = "BookShelfWeb.Factory", "BookShelfWeb.Factory\BookShelfWeb.Factory.csproj", "{623C8147-1BD8-4E27-B048-EC5707574B79}"
EndProject
Project("{2150E333-8FDC-42A3-9474-1A3956D46DE8}") = "Util", "Util", "{65C52FBF-FDC2-438C-8977-AC90951ADC29}"
EndProject
Project("{FAE04EC0-301F-11D3-BF4B-00C04F79EFBC}") = "BookShelfWeb.ConverterManager", "BookShelfWeb.ConverterManager\BookShelfWeb.ConverterManager.csproj", "{92C47FC2-9F9D-442B-ACCF-4136F5FAD093}"
EndProject
Project("{FAE04EC0-301F-11D3-BF4B-00C04F79EFBC}") = "BookShelfWeb.CacheManager", "BookShelfWeb.CacheManager\BookShelfWeb.CacheManager.csproj", "{EEA40C41-B6AB-476F-9167-B5230B9B8F0E}"
EndProject
Project("{2150E333-8FDC-42A3-9474-1A3956D46DE8}") = "Solution Items", "Solution Items", "{52D85B64-0099-4F35-A8E3-BAE671CAE51C}"
	ProjectSection(SolutionItems) = preProject
		..\BookShelfWebDB.sql = ..\BookShelfWebDB.sql
	EndProjectSection
EndProject
Project("{FAE04EC0-301F-11D3-BF4B-00C04F79EFBC}") = "BookShelfWeb.BookShelfModel", "BookShelfWeb.BookShelfModel\BookShelfWeb.BookShelfModel.csproj", "{FD863722-30C4-433D-B733-4931626B927F}"
EndProject
Global
	GlobalSection(SolutionConfigurationPlatforms) = preSolution
		Debug|Any CPU = Debug|Any CPU
		Release|Any CPU = Release|Any CPU
	EndGlobalSection
	GlobalSection(ProjectConfigurationPlatforms) = postSolution
		{438A2111-E5CF-47D1-89CB-87D5B2FD268D}.Debug|Any CPU.ActiveCfg = Debug|Any CPU
		{438A2111-E5CF-47D1-89CB-87D5B2FD268D}.Debug|Any CPU.Build.0 = Debug|Any CPU
		{438A2111-E5CF-47D1-89CB-87D5B2FD268D}.Release|Any CPU.ActiveCfg = Release|Any CPU
		{438A2111-E5CF-47D1-89CB-87D5B2FD268D}.Release|Any CPU.Build.0 = Release|Any CPU
		{31E80314-A184-4093-8C70-E98B0F14CC71}.Debug|Any CPU.ActiveCfg = Debug|Any CPU
		{31E80314-A184-4093-8C70-E98B0F14CC71}.Debug|Any CPU.Build.0 = Debug|Any CPU
		{31E80314-A184-4093-8C70-E98B0F14CC71}.Release|Any CPU.ActiveCfg = Release|Any CPU
		{31E80314-A184-4093-8C70-E98B0F14CC71}.Release|Any CPU.Build.0 = Release|Any CPU
		{5A78DE1A-5D28-4DEA-AE74-A8612DA33AF0}.Debug|Any CPU.ActiveCfg = Debug|Any CPU
		{5A78DE1A-5D28-4DEA-AE74-A8612DA33AF0}.Debug|Any CPU.Build.0 = Debug|Any CPU
		{5A78DE1A-5D28-4DEA-AE74-A8612DA33AF0}.Release|Any CPU.ActiveCfg = Release|Any CPU
		{5A78DE1A-5D28-4DEA-AE74-A8612DA33AF0}.Release|Any CPU.Build.0 = Release|Any CPU
		{453A0F57-2F14-4AFB-B84E-81439C3DF6D9}.Debug|Any CPU.ActiveCfg = Debug|Any CPU
		{453A0F57-2F14-4AFB-B84E-81439C3DF6D9}.Debug|Any CPU.Build.0 = Debug|Any CPU
		{453A0F57-2F14-4AFB-B84E-81439C3DF6D9}.Release|Any CPU.ActiveCfg = Release|Any CPU
		{453A0F57-2F14-4AFB-B84E-81439C3DF6D9}.Release|Any CPU.Build.0 = Release|Any CPU
		{06DF8EA0-F578-44A6-9BC6-B11AB685B47E}.Debug|Any CPU.ActiveCfg = Debug|Any CPU
		{06DF8EA0-F578-44A6-9BC6-B11AB685B47E}.Debug|Any CPU.Build.0 = Debug|Any CPU
		{06DF8EA0-F578-44A6-9BC6-B11AB685B47E}.Release|Any CPU.ActiveCfg = Release|Any CPU
		{06DF8EA0-F578-44A6-9BC6-B11AB685B47E}.Release|Any CPU.Build.0 = Release|Any CPU
		{F7E59AA8-6ACF-4CF4-962E-DBEEBD3AC5A3}.Debug|Any CPU.ActiveCfg = Debug|Any CPU
		{F7E59AA8-6ACF-4CF4-962E-DBEEBD3AC5A3}.Debug|Any CPU.Build.0 = Debug|Any CPU
		{F7E59AA8-6ACF-4CF4-962E-DBEEBD3AC5A3}.Release|Any CPU.ActiveCfg = Release|Any CPU
		{F7E59AA8-6ACF-4CF4-962E-DBEEBD3AC5A3}.Release|Any CPU.Build.0 = Release|Any CPU
		{EF9644E6-D5A0-4D37-8FE5-2466D8D01545}.Debug|Any CPU.ActiveCfg = Debug|Any CPU
		{EF9644E6-D5A0-4D37-8FE5-2466D8D01545}.Debug|Any CPU.Build.0 = Debug|Any CPU
		{EF9644E6-D5A0-4D37-8FE5-2466D8D01545}.Release|Any CPU.ActiveCfg = Release|Any CPU
		{EF9644E6-D5A0-4D37-8FE5-2466D8D01545}.Release|Any CPU.Build.0 = Release|Any CPU
		{623C8147-1BD8-4E27-B048-EC5707574B79}.Debug|Any CPU.ActiveCfg = Debug|Any CPU
		{623C8147-1BD8-4E27-B048-EC5707574B79}.Debug|Any CPU.Build.0 = Debug|Any CPU
		{623C8147-1BD8-4E27-B048-EC5707574B79}.Release|Any CPU.ActiveCfg = Release|Any CPU
		{623C8147-1BD8-4E27-B048-EC5707574B79}.Release|Any CPU.Build.0 = Release|Any CPU
		{92C47FC2-9F9D-442B-ACCF-4136F5FAD093}.Debug|Any CPU.ActiveCfg = Debug|Any CPU
		{92C47FC2-9F9D-442B-ACCF-4136F5FAD093}.Debug|Any CPU.Build.0 = Debug|Any CPU
		{92C47FC2-9F9D-442B-ACCF-4136F5FAD093}.Release|Any CPU.ActiveCfg = Release|Any CPU
		{92C47FC2-9F9D-442B-ACCF-4136F5FAD093}.Release|Any CPU.Build.0 = Release|Any CPU
		{EEA40C41-B6AB-476F-9167-B5230B9B8F0E}.Debug|Any CPU.ActiveCfg = Debug|Any CPU
		{EEA40C41-B6AB-476F-9167-B5230B9B8F0E}.Debug|Any CPU.Build.0 = Debug|Any CPU
		{EEA40C41-B6AB-476F-9167-B5230B9B8F0E}.Release|Any CPU.ActiveCfg = Release|Any CPU
		{EEA40C41-B6AB-476F-9167-B5230B9B8F0E}.Release|Any CPU.Build.0 = Release|Any CPU
		{FD863722-30C4-433D-B733-4931626B927F}.Debug|Any CPU.ActiveCfg = Debug|Any CPU
		{FD863722-30C4-433D-B733-4931626B927F}.Debug|Any CPU.Build.0 = Debug|Any CPU
		{FD863722-30C4-433D-B733-4931626B927F}.Release|Any CPU.ActiveCfg = Release|Any CPU
		{FD863722-30C4-433D-B733-4931626B927F}.Release|Any CPU.Build.0 = Release|Any CPU
	EndGlobalSection
	GlobalSection(SolutionProperties) = preSolution
		HideSolutionNode = FALSE
	EndGlobalSection
	GlobalSection(NestedProjects) = preSolution
		{31E80314-A184-4093-8C70-E98B0F14CC71} = {D86DB447-BEAD-4C29-B6E8-2AAFC6E6F150}
		{5A78DE1A-5D28-4DEA-AE74-A8612DA33AF0} = {D86DB447-BEAD-4C29-B6E8-2AAFC6E6F150}
		{453A0F57-2F14-4AFB-B84E-81439C3DF6D9} = {0297B055-0FE0-4E58-8EA3-E16A265B74BE}
		{06DF8EA0-F578-44A6-9BC6-B11AB685B47E} = {D6CF4CBA-0F42-4E28-8E32-6C9BBEE310A6}
		{F7E59AA8-6ACF-4CF4-962E-DBEEBD3AC5A3} = {D6CF4CBA-0F42-4E28-8E32-6C9BBEE310A6}
		{EF9644E6-D5A0-4D37-8FE5-2466D8D01545} = {D6CF4CBA-0F42-4E28-8E32-6C9BBEE310A6}
		{FD863722-30C4-433D-B733-4931626B927F} = {790D8B4C-C7F5-4144-B513-C0CDF237B2AA}
		{623C8147-1BD8-4E27-B048-EC5707574B79} = {747ACB29-B23E-46D2-A2A3-C47233DFEA95}
		{92C47FC2-9F9D-442B-ACCF-4136F5FAD093} = {65C52FBF-FDC2-438C-8977-AC90951ADC29}
		{EEA40C41-B6AB-476F-9167-B5230B9B8F0E} = {65C52FBF-FDC2-438C-8977-AC90951ADC29}
	EndGlobalSection
EndGlobal
